
Microsoft Visual Studio Solution File, Format Version 12.00
# Visual Studio Version 16
VisualStudioVersion = 16.0.29911.84
MinimumVisualStudioVersion = 10.0.40219.1
Project("{FAE04EC0-301F-11D3-BF4B-00C04F79EFBC}") = "Pokebattle", "Pokebattle\Pokebattle.csproj", "{1BF92CEC-A45E-461A-9662-DC63C8CF56D2}"
EndProject
Global
	GlobalSection(SolutionConfigurationPlatforms) = preSolution
		Debug|Any CPU = Debug|Any CPU
		Release|Any CPU = Release|Any CPU
	EndGlobalSection
	GlobalSection(ProjectConfigurationPlatforms) = postSolution
		{1BF92CEC-A45E-461A-9662-DC63C8CF56D2}.Debug|Any CPU.ActiveCfg = Debug|Any CPU
		{1BF92CEC-A45E-461A-9662-DC63C8CF56D2}.Debug|Any CPU.Build.0 = Debug|Any CPU
		{1BF92CEC-A45E-461A-9662-DC63C8CF56D2}.Release|Any CPU.ActiveCfg = Release|Any CPU
		{1BF92CEC-A45E-461A-9662-DC63C8CF56D2}.Release|Any CPU.Build.0 = Release|Any CPU
	EndGlobalSection
	GlobalSection(SolutionProperties) = preSolution
		HideSolutionNode = FALSE
	EndGlobalSection
	GlobalSection(ExtensibilityGlobals) = postSolution
		SolutionGuid = {6CF4633F-E058-4650-9FDB-2334E5745723}
	EndGlobalSection
EndGlobal
